
Microsoft Visual Studio Solution File, Format Version 12.00
# Visual Studio Version 17
VisualStudioVersion = 17.9.34607.119
MinimumVisualStudioVersion = 10.0.40219.1
Project("{9A19103F-16F7-4668-BE54-9A1E7A4F7556}") = "BurnoutBuster", "BurnoutBuster\BurnoutBuster.csproj", "{0EA2CFE8-5093-48DF-AA1B-A7F4AF24CCB4}"
EndProject
Project("{9A19103F-16F7-4668-BE54-9A1E7A4F7556}") = "MonoGameLibrary", "MonoGameLibrary\MonoGameLibrary.csproj", "{5B278EA5-83BE-4C78-9B1B-ED90515D4D1E}"
EndProject
Global
	GlobalSection(SolutionConfigurationPlatforms) = preSolution
		Debug|Any CPU = Debug|Any CPU
		Release|Any CPU = Release|Any CPU
	EndGlobalSection
	GlobalSection(ProjectConfigurationPlatforms) = postSolution
		{0EA2CFE8-5093-48DF-AA1B-A7F4AF24CCB4}.Debug|Any CPU.ActiveCfg = Debug|Any CPU
		{0EA2CFE8-5093-48DF-AA1B-A7F4AF24CCB4}.Debug|Any CPU.Build.0 = Debug|Any CPU
		{0EA2CFE8-5093-48DF-AA1B-A7F4AF24CCB4}.Release|Any CPU.ActiveCfg = Release|Any CPU
		{0EA2CFE8-5093-48DF-AA1B-A7F4AF24CCB4}.Release|Any CPU.Build.0 = Release|Any CPU
		{5B278EA5-83BE-4C78-9B1B-ED90515D4D1E}.Debug|Any CPU.ActiveCfg = Debug|Any CPU
		{5B278EA5-83BE-4C78-9B1B-ED90515D4D1E}.Debug|Any CPU.Build.0 = Debug|Any CPU
		{5B278EA5-83BE-4C78-9B1B-ED90515D4D1E}.Release|Any CPU.ActiveCfg = Release|Any CPU
		{5B278EA5-83BE-4C78-9B1B-ED90515D4D1E}.Release|Any CPU.Build.0 = Release|Any CPU
	EndGlobalSection
	GlobalSection(SolutionProperties) = preSolution
		HideSolutionNode = FALSE
	EndGlobalSection
	GlobalSection(ExtensibilityGlobals) = postSolution
		SolutionGuid = {395E4C45-F8AE-479D-A6B8-97F22C9C2280}
	EndGlobalSection
EndGlobal
